Microsoft Visual Studio Solution File, Format Version 12.00
# Visual Studio Version 17
VisualStudioVersion = 17.5.2.0
MinimumVisualStudioVersion = 10.0.40219.1
Project("{FAE04EC0-301F-11D3-BF4B-00C04F79EFBC}") = "TheGarden", "TheGarden.csproj", "{3CEF3DFF-1AF2-4F50-6028-D9A7A9A4A30B}"
EndProject
Global
	GlobalSection(SolutionConfigurationPlatforms) = preSolution
		Debug|Any CPU = Debug|Any CPU
		Release|Any CPU = Release|Any CPU
	EndGlobalSection
	GlobalSection(ProjectConfigurationPlatforms) = postSolution
		{3CEF3DFF-1AF2-4F50-6028-D9A7A9A4A30B}.Debug|Any CPU.ActiveCfg = Debug|Any CPU
		{3CEF3DFF-1AF2-4F50-6028-D9A7A9A4A30B}.Debug|Any CPU.Build.0 = Debug|Any CPU
		{3CEF3DFF-1AF2-4F50-6028-D9A7A9A4A30B}.Release|Any CPU.ActiveCfg = Release|Any CPU
		{3CEF3DFF-1AF2-4F50-6028-D9A7A9A4A30B}.Release|Any CPU.Build.0 = Release|Any CPU
	EndGlobalSection
	GlobalSection(SolutionProperties) = preSolution
		HideSolutionNode = FALSE
	EndGlobalSection
	GlobalSection(ExtensibilityGlobals) = postSolution
		SolutionGuid = {68FFC558-C0DB-4BAE-86EB-338F05B1EF3E}
	EndGlobalSection
EndGlobal
